
Microsoft Visual Studio Solution File, Format Version 12.00
# Visual Studio Version 17
VisualStudioVersion = 17.11.35327.3
MinimumVisualStudioVersion = 10.0.40219.1
Project("{FAE04EC0-301F-11D3-BF4B-00C04F79EFBC}") = "Kalkulacka", "Kalkulacka.csproj", "{BF4D2FCB-799D-4207-85A1-2157328AF916}"
EndProject
Global
	GlobalSection(SolutionConfigurationPlatforms) = preSolution
		Debug|Any CPU = Debug|Any CPU
		Release|Any CPU = Release|Any CPU
	EndGlobalSection
	GlobalSection(ProjectConfigurationPlatforms) = postSolution
		{BF4D2FCB-799D-4207-85A1-2157328AF916}.Debug|Any CPU.ActiveCfg = Debug|Any CPU
		{BF4D2FCB-799D-4207-85A1-2157328AF916}.Debug|Any CPU.Build.0 = Debug|Any CPU
		{BF4D2FCB-799D-4207-85A1-2157328AF916}.Release|Any CPU.ActiveCfg = Release|Any CPU
		{BF4D2FCB-799D-4207-85A1-2157328AF916}.Release|Any CPU.Build.0 = Release|Any CPU
	EndGlobalSection
	GlobalSection(SolutionProperties) = preSolution
		HideSolutionNode = FALSE
	EndGlobalSection
	GlobalSection(ExtensibilityGlobals) = postSolution
		SolutionGuid = {DC5B7F32-5020-43D5-9EDB-1B949C6EE202}
	EndGlobalSection
EndGlobal
